
Microsoft Visual Studio Solution File, Format Version 12.00
# Visual Studio Version 17
VisualStudioVersion = 17.11.35327.3
MinimumVisualStudioVersion = 10.0.40219.1
Project("{9A19103F-16F7-4668-BE54-9A1E7A4F7556}") = "Файлик", "Файлик\Файлик.csproj", "{FAF1C21C-39A5-4A07-BFEE-F29E4A77B40F}"
EndProject
Project("{FAE04EC0-301F-11D3-BF4B-00C04F79EFBC}") = "ConsoleApp1", "ConsoleApp1\ConsoleApp1.csproj", "{5BD22F10-E67F-43F7-84DB-D06177D9674E}"
EndProject
Global
	GlobalSection(SolutionConfigurationPlatforms) = preSolution
		Debug|Any CPU = Debug|Any CPU
		Release|Any CPU = Release|Any CPU
	EndGlobalSection
	GlobalSection(ProjectConfigurationPlatforms) = postSolution
		{FAF1C21C-39A5-4A07-BFEE-F29E4A77B40F}.Debug|Any CPU.ActiveCfg = Debug|Any CPU
		{FAF1C21C-39A5-4A07-BFEE-F29E4A77B40F}.Debug|Any CPU.Build.0 = Debug|Any CPU
		{FAF1C21C-39A5-4A07-BFEE-F29E4A77B40F}.Release|Any CPU.ActiveCfg = Release|Any CPU
		{FAF1C21C-39A5-4A07-BFEE-F29E4A77B40F}.Release|Any CPU.Build.0 = Release|Any CPU
		{5BD22F10-E67F-43F7-84DB-D06177D9674E}.Debug|Any CPU.ActiveCfg = Debug|Any CPU
		{5BD22F10-E67F-43F7-84DB-D06177D9674E}.Debug|Any CPU.Build.0 = Debug|Any CPU
		{5BD22F10-E67F-43F7-84DB-D06177D9674E}.Release|Any CPU.ActiveCfg = Release|Any CPU
		{5BD22F10-E67F-43F7-84DB-D06177D9674E}.Release|Any CPU.Build.0 = Release|Any CPU
	EndGlobalSection
	GlobalSection(SolutionProperties) = preSolution
		HideSolutionNode = FALSE
	EndGlobalSection
	GlobalSection(ExtensibilityGlobals) = postSolution
		SolutionGuid = {4ADE0B6F-BDEF-4D3D-ADE6-266B80CBCF37}
	EndGlobalSection
EndGlobal
